
Microsoft Visual Studio Solution File, Format Version 12.00
# Visual Studio Version 17
VisualStudioVersion = 17.10.35027.167
MinimumVisualStudioVersion = 10.0.40219.1
Project("{8BC9CEB8-8B4A-11D0-8D11-00A0C91BC942}") = "BlackScholesMerton", "BlackScholesMerton.vcxproj", "{EB5FE63B-33E7-492E-A33F-764974B63CD6}"
EndProject
Global
	GlobalSection(SolutionConfigurationPlatforms) = preSolution
		Debug|x64 = Debug|x64
		Debug|x86 = Debug|x86
		Release|x64 = Release|x64
		Release|x86 = Release|x86
	EndGlobalSection
	GlobalSection(ProjectConfigurationPlatforms) = postSolution
		{EB5FE63B-33E7-492E-A33F-764974B63CD6}.Debug|x64.ActiveCfg = Debug|x64
		{EB5FE63B-33E7-492E-A33F-764974B63CD6}.Debug|x64.Build.0 = Debug|x64
		{EB5FE63B-33E7-492E-A33F-764974B63CD6}.Debug|x86.ActiveCfg = Debug|Win32
		{EB5FE63B-33E7-492E-A33F-764974B63CD6}.Debug|x86.Build.0 = Debug|Win32
		{EB5FE63B-33E7-492E-A33F-764974B63CD6}.Release|x64.ActiveCfg = Release|x64
		{EB5FE63B-33E7-492E-A33F-764974B63CD6}.Release|x64.Build.0 = Release|x64
		{EB5FE63B-33E7-492E-A33F-764974B63CD6}.Release|x86.ActiveCfg = Release|Win32
		{EB5FE63B-33E7-492E-A33F-764974B63CD6}.Release|x86.Build.0 = Release|Win32
	EndGlobalSection
	GlobalSection(SolutionProperties) = preSolution
		HideSolutionNode = FALSE
	EndGlobalSection
	GlobalSection(ExtensibilityGlobals) = postSolution
		SolutionGuid = {67922F14-C889-4F92-B72E-39C65A58561E}
	EndGlobalSection
EndGlobal
